
Microsoft Visual Studio Solution File, Format Version 12.00
# Visual Studio Version 16
VisualStudioVersion = 16.0.31112.23
MinimumVisualStudioVersion = 10.0.40219.1
Project("{2150E333-8FDC-42A3-9474-1A3956D46DE8}") = "exercises", "exercises", "{18010FBD-3D3B-4AC6-AAB6-380F9B2B3C82}"
EndProject
Project("{2150E333-8FDC-42A3-9474-1A3956D46DE8}") = "tests", "tests", "{4A4551DF-7573-483E-A62F-B17DC3DBF41C}"
EndProject
Project("{FAE04EC0-301F-11D3-BF4B-00C04F79EFBC}") = "tests", "tests\tests.csproj", "{367D8532-8B3B-498E-81AE-812B3757B6F2}"
EndProject
Project("{FAE04EC0-301F-11D3-BF4B-00C04F79EFBC}") = "Algorithms_Data_Structures", "Algorithms_Data_Structures\Algorithms_Data_Structures.csproj", "{561D3654-B2FE-404A-83F0-E428D2AE77AC}"
EndProject
Project("{2150E333-8FDC-42A3-9474-1A3956D46DE8}") = "Benchmark", "Benchmark", "{F5328A49-DF46-40BF-8007-FA7803DDBC68}"
EndProject
Project("{FAE04EC0-301F-11D3-BF4B-00C04F79EFBC}") = "Benchmark", "Benchmark\Benchmark.csproj", "{977D1399-0E27-406B-8816-6A937DA28485}"
EndProject
Global
	GlobalSection(SolutionConfigurationPlatforms) = preSolution
		Debug|Any CPU = Debug|Any CPU
		Release|Any CPU = Release|Any CPU
	EndGlobalSection
	GlobalSection(ProjectConfigurationPlatforms) = postSolution
		{367D8532-8B3B-498E-81AE-812B3757B6F2}.Debug|Any CPU.ActiveCfg = Debug|Any CPU
		{367D8532-8B3B-498E-81AE-812B3757B6F2}.Debug|Any CPU.Build.0 = Debug|Any CPU
		{367D8532-8B3B-498E-81AE-812B3757B6F2}.Release|Any CPU.ActiveCfg = Release|Any CPU
		{367D8532-8B3B-498E-81AE-812B3757B6F2}.Release|Any CPU.Build.0 = Release|Any CPU
		{561D3654-B2FE-404A-83F0-E428D2AE77AC}.Debug|Any CPU.ActiveCfg = Debug|Any CPU
		{561D3654-B2FE-404A-83F0-E428D2AE77AC}.Debug|Any CPU.Build.0 = Debug|Any CPU
		{561D3654-B2FE-404A-83F0-E428D2AE77AC}.Release|Any CPU.ActiveCfg = Release|Any CPU
		{561D3654-B2FE-404A-83F0-E428D2AE77AC}.Release|Any CPU.Build.0 = Release|Any CPU
		{977D1399-0E27-406B-8816-6A937DA28485}.Debug|Any CPU.ActiveCfg = Debug|Any CPU
		{977D1399-0E27-406B-8816-6A937DA28485}.Debug|Any CPU.Build.0 = Debug|Any CPU
		{977D1399-0E27-406B-8816-6A937DA28485}.Release|Any CPU.ActiveCfg = Release|Any CPU
		{977D1399-0E27-406B-8816-6A937DA28485}.Release|Any CPU.Build.0 = Release|Any CPU
	EndGlobalSection
	GlobalSection(SolutionProperties) = preSolution
		HideSolutionNode = FALSE
	EndGlobalSection
	GlobalSection(NestedProjects) = preSolution
		{367D8532-8B3B-498E-81AE-812B3757B6F2} = {4A4551DF-7573-483E-A62F-B17DC3DBF41C}
		{561D3654-B2FE-404A-83F0-E428D2AE77AC} = {18010FBD-3D3B-4AC6-AAB6-380F9B2B3C82}
		{977D1399-0E27-406B-8816-6A937DA28485} = {F5328A49-DF46-40BF-8007-FA7803DDBC68}
	EndGlobalSection
	GlobalSection(ExtensibilityGlobals) = postSolution
		SolutionGuid = {F2D9768E-1373-4D2F-A742-0C3912658AC0}
	EndGlobalSection
EndGlobal
